<?xml version="1.0" encoding="utf-8"?>
<Project ToolsVersion="4.0" xmlns="http://schemas.microsoft.com/developer/msbuild/2003">
  <ItemGroup>
    <Filter Include="src">
      <UniqueIdentifier>{b02f6b53-4ccd-4c80-a804-837e4ddbd522}</UniqueIdentifier>
    </Filter>
    <Filter Include="src\meshoptimizer-0.12">
      <UniqueIdentifier>{394373d7-dd85-4577-b7ed-ee7e3d358e8e}</UniqueIdentifier>
    </Filter>
  </ItemGroup>
  <ItemGroup>
    <ClCompile Include="src\main.cpp">
      <Filter>src</Filter>
    </ClCompile>
    <ClCompile Include="src\meshoptimizer-0.12\allocator.cpp">
      <Filter>src\meshoptimizer-0.12</Filter>
    </ClCompile>
    <ClCompile Include="src\meshoptimizer-0.12\clusterizer.cpp">
      <Filter>src\meshoptimizer-0.12</Filter>
    </ClCompile>
    <ClCompile Include="src\meshoptimizer-0.12\indexcodec.cpp">
      <Filter>src\meshoptimizer-0.12</Filter>
    </ClCompile>
    <ClCompile Include="src\meshoptimizer-0.12\indexgenerator.cpp">
      <Filter>src\meshoptimizer-0.12</Filter>
    </ClCompile>
    <ClCompile Include="src\meshoptimizer-0.12\overdrawanalyzer.cpp">
      <Filter>src\meshoptimizer-0.12</Filter>
    </ClCompile>
    <ClCompile Include="src\meshoptimizer-0.12\overdrawoptimizer.cpp">
      <Filter>src\meshoptimizer-0.12</Filter>
    </ClCompile>
    <ClCompile Include="src\meshoptimizer-0.12\simplifier.cpp">
      <Filter>src\meshoptimizer-0.12</Filter>
    </ClCompile>
    <ClCompile Include="src\meshoptimizer-0.12\stripifier.cpp">
      <Filter>src\meshoptimizer-0.12</Filter>
    </ClCompile>
    <ClCompile Include="src\meshoptimizer-0.12\vcacheanalyzer.cpp">
      <Filter>src\meshoptimizer-0.12</Filter>
    </ClCompile>
    <ClCompile Include="src\meshoptimizer-0.12\vcacheoptimizer.cpp">
      <Filter>src\meshoptimizer-0.12</Filter>
    </ClCompile>
    <ClCompile Include="src\meshoptimizer-0.12\vertexcodec.cpp">
      <Filter>src\meshoptimizer-0.12</Filter>
    </ClCompile>
    <ClCompile Include="src\meshoptimizer-0.12\vfetchanalyzer.cpp">
      <Filter>src\meshoptimizer-0.12</Filter>
    </ClCompile>
    <ClCompile Include="src\meshoptimizer-0.12\vfetchoptimizer.cpp">
      <Filter>src\meshoptimizer-0.12</Filter>
    </ClCompile>
  </ItemGroup>
  <ItemGroup>
    <ClInclude Include="src\meshoptimizer-0.12\meshoptimizer.h">
      <Filter>src\meshoptimizer-0.12</Filter>
    </ClInclude>
  </ItemGroup>
</Project>