
Microsoft Visual Studio Solution File, Format Version 12.00
# Visual Studio Version 16
VisualStudioVersion = 16.0.30128.74
MinimumVisualStudioVersion = 10.0.40219.1
Project("{8BC9CEB8-8B4A-11D0-8D11-00A0C91BC942}") = "VEngine", "VEngine\VEngine.vcxproj", "{8F9CD343-F4EE-4C3B-B1E2-5B0025D5F362}"
EndProject
Project("{8BC9CEB8-8B4A-11D0-8D11-00A0C91BC942}") = "Application", "Application\Application.vcxproj", "{C9EFCC4F-CE58-41D6-901E-B3FBC2856FA5}"
	ProjectSection(ProjectDependencies) = postProject
		{8F9CD343-F4EE-4C3B-B1E2-5B0025D5F362} = {8F9CD343-F4EE-4C3B-B1E2-5B0025D5F362}
	EndProjectSection
EndProject
Project("{8BC9CEB8-8B4A-11D0-8D11-00A0C91BC942}") = "AssetImporter", "AssetImporter\AssetImporter.vcxproj", "{036966DE-4199-4BF6-8F0F-487969A863BE}"
EndProject
Project("{8BC9CEB8-8B4A-11D0-8D11-00A0C91BC942}") = "Editor", "Editor\Editor.vcxproj", "{F00F951C-A59B-49E5-9682-EA2C11095E46}"
EndProject
Global
	GlobalSection(SolutionConfigurationPlatforms) = preSolution
		Debug|x64 = Debug|x64
		Debug|x86 = Debug|x86
		Release|x64 = Release|x64
		Release|x86 = Release|x86
	EndGlobalSection
	GlobalSection(ProjectConfigurationPlatforms) = postSolution
		{8F9CD343-F4EE-4C3B-B1E2-5B0025D5F362}.Debug|x64.ActiveCfg = Debug|x64
		{8F9CD343-F4EE-4C3B-B1E2-5B0025D5F362}.Debug|x64.Build.0 = Debug|x64
		{8F9CD343-F4EE-4C3B-B1E2-5B0025D5F362}.Debug|x86.ActiveCfg = Debug|Win32
		{8F9CD343-F4EE-4C3B-B1E2-5B0025D5F362}.Debug|x86.Build.0 = Debug|Win32
		{8F9CD343-F4EE-4C3B-B1E2-5B0025D5F362}.Release|x64.ActiveCfg = Release|x64
		{8F9CD343-F4EE-4C3B-B1E2-5B0025D5F362}.Release|x64.Build.0 = Release|x64
		{8F9CD343-F4EE-4C3B-B1E2-5B0025D5F362}.Release|x86.ActiveCfg = Release|Win32
		{8F9CD343-F4EE-4C3B-B1E2-5B0025D5F362}.Release|x86.Build.0 = Release|Win32
		{C9EFCC4F-CE58-41D6-901E-B3FBC2856FA5}.Debug|x64.ActiveCfg = Debug|x64
		{C9EFCC4F-CE58-41D6-901E-B3FBC2856FA5}.Debug|x64.Build.0 = Debug|x64
		{C9EFCC4F-CE58-41D6-901E-B3FBC2856FA5}.Debug|x86.ActiveCfg = Debug|Win32
		{C9EFCC4F-CE58-41D6-901E-B3FBC2856FA5}.Debug|x86.Build.0 = Debug|Win32
		{C9EFCC4F-CE58-41D6-901E-B3FBC2856FA5}.Release|x64.ActiveCfg = Release|x64
		{C9EFCC4F-CE58-41D6-901E-B3FBC2856FA5}.Release|x64.Build.0 = Release|x64
		{C9EFCC4F-CE58-41D6-901E-B3FBC2856FA5}.Release|x86.ActiveCfg = Release|Win32
		{C9EFCC4F-CE58-41D6-901E-B3FBC2856FA5}.Release|x86.Build.0 = Release|Win32
		{036966DE-4199-4BF6-8F0F-487969A863BE}.Debug|x64.ActiveCfg = Debug|x64
		{036966DE-4199-4BF6-8F0F-487969A863BE}.Debug|x64.Build.0 = Debug|x64
		{036966DE-4199-4BF6-8F0F-487969A863BE}.Debug|x86.ActiveCfg = Debug|Win32
		{036966DE-4199-4BF6-8F0F-487969A863BE}.Debug|x86.Build.0 = Debug|Win32
		{036966DE-4199-4BF6-8F0F-487969A863BE}.Release|x64.ActiveCfg = Release|x64
		{036966DE-4199-4BF6-8F0F-487969A863BE}.Release|x64.Build.0 = Release|x64
		{036966DE-4199-4BF6-8F0F-487969A863BE}.Release|x86.ActiveCfg = Release|Win32
		{036966DE-4199-4BF6-8F0F-487969A863BE}.Release|x86.Build.0 = Release|Win32
		{F00F951C-A59B-49E5-9682-EA2C11095E46}.Debug|x64.ActiveCfg = Debug|x64
		{F00F951C-A59B-49E5-9682-EA2C11095E46}.Debug|x64.Build.0 = Debug|x64
		{F00F951C-A59B-49E5-9682-EA2C11095E46}.Debug|x86.ActiveCfg = Debug|Win32
		{F00F951C-A59B-49E5-9682-EA2C11095E46}.Debug|x86.Build.0 = Debug|Win32
		{F00F951C-A59B-49E5-9682-EA2C11095E46}.Release|x64.ActiveCfg = Release|x64
		{F00F951C-A59B-49E5-9682-EA2C11095E46}.Release|x64.Build.0 = Release|x64
		{F00F951C-A59B-49E5-9682-EA2C11095E46}.Release|x86.ActiveCfg = Release|Win32
		{F00F951C-A59B-49E5-9682-EA2C11095E46}.Release|x86.Build.0 = Release|Win32
	EndGlobalSection
	GlobalSection(SolutionProperties) = preSolution
		HideSolutionNode = FALSE
	EndGlobalSection
	GlobalSection(ExtensibilityGlobals) = postSolution
		SolutionGuid = {56CA5047-C369-4A45-B0E8-2DD1DAB1C111}
	EndGlobalSection
EndGlobal
