<?xml version="1.0" encoding="utf-8"?>
<Project ToolsVersion="4.0" xmlns="http://schemas.microsoft.com/developer/msbuild/2003">
  <ItemGroup>
    <Filter Include="Code">
      <UniqueIdentifier>{78ebb4f1-34d2-409e-a3e6-f10fecef27bd}</UniqueIdentifier>
    </Filter>
    <Filter Include="Code\Graphics">
      <UniqueIdentifier>{b0dea819-ca9b-4419-b8da-442cde84aef1}</UniqueIdentifier>
    </Filter>
    <Filter Include="Code\Graphics\Vulkan">
      <UniqueIdentifier>{ada72ffd-e6ea-401d-872c-e378fa5c458c}</UniqueIdentifier>
    </Filter>
    <Filter Include="Code\Window">
      <UniqueIdentifier>{59c747bc-b5aa-451b-8f24-0b64d90d9e51}</UniqueIdentifier>
    </Filter>
    <Filter Include="Code\Utility">
      <UniqueIdentifier>{ac3be736-9823-40ac-bf53-de54f6304185}</UniqueIdentifier>
    </Filter>
    <Filter Include="Code\Graphics\Vulkan\Pipeline">
      <UniqueIdentifier>{ec278646-90cd-471a-96a9-e6337ed98e65}</UniqueIdentifier>
    </Filter>
    <Filter Include="Code\Input">
      <UniqueIdentifier>{b9042ce5-8996-43e3-a87d-136048f86e5f}</UniqueIdentifier>
    </Filter>
    <Filter Include="Code\ECS">
      <UniqueIdentifier>{8501741e-7058-423b-ad83-bad9424162aa}</UniqueIdentifier>
    </Filter>
    <Filter Include="Code\ECS\Component">
      <UniqueIdentifier>{18150fdf-5c24-476e-a49e-c3a8f1590325}</UniqueIdentifier>
    </Filter>
    <Filter Include="Code\Graphics\Camera">
      <UniqueIdentifier>{a5522172-68aa-49ee-a986-0fd565925279}</UniqueIdentifier>
    </Filter>
    <Filter Include="Code\ECS\System">
      <UniqueIdentifier>{5283f8fe-617e-4be1-9b9e-51e43caa3c28}</UniqueIdentifier>
    </Filter>
  </ItemGroup>
  <ItemGroup>
    <ClInclude Include="Code\Graphics\Vulkan\VKContext.h">
      <Filter>Code\Graphics\Vulkan</Filter>
    </ClInclude>
    <ClInclude Include="Code\Utility\Utility.h">
      <Filter>Code\Utility</Filter>
    </ClInclude>
    <ClInclude Include="Code\Graphics\Vulkan\VKSwapChain.h">
      <Filter>Code\Graphics\Vulkan</Filter>
    </ClInclude>
    <ClInclude Include="Code\Graphics\Vulkan\VKUtility.h">
      <Filter>Code\Graphics\Vulkan</Filter>
    </ClInclude>
    <ClInclude Include="Code\Graphics\Vulkan\VKRenderer.h">
      <Filter>Code\Graphics\Vulkan</Filter>
    </ClInclude>
    <ClInclude Include="Code\Graphics\Vulkan\Pipeline\VKForwardPipeline.h">
      <Filter>Code\Graphics\Vulkan\Pipeline</Filter>
    </ClInclude>
    <ClInclude Include="Code\Graphics\Vulkan\VKShaderModule.h">
      <Filter>Code\Graphics\Vulkan</Filter>
    </ClInclude>
    <ClInclude Include="Code\Graphics\Vulkan\VKRenderResources.h">
      <Filter>Code\Graphics\Vulkan</Filter>
    </ClInclude>
    <ClInclude Include="Code\Graphics\Vulkan\VKImageData.h">
      <Filter>Code\Graphics\Vulkan</Filter>
    </ClInclude>
    <ClInclude Include="Code\Graphics\Vulkan\VKBufferData.h">
      <Filter>Code\Graphics\Vulkan</Filter>
    </ClInclude>
    <ClInclude Include="Code\Utility\stb_image.h">
      <Filter>Code\Utility</Filter>
    </ClInclude>
    <ClInclude Include="Code\Utility\stb_image_write.h">
      <Filter>Code\Utility</Filter>
    </ClInclude>
    <ClInclude Include="Code\Utility\tiny_gltf.h">
      <Filter>Code\Utility</Filter>
    </ClInclude>
    <ClInclude Include="Code\Utility\ContainerUtility.h">
      <Filter>Code\Utility</Filter>
    </ClInclude>
    <ClInclude Include="Code\Input\IInputListener.h">
      <Filter>Code\Input</Filter>
    </ClInclude>
    <ClInclude Include="Code\Input\InputTokens.h">
      <Filter>Code\Input</Filter>
    </ClInclude>
    <ClInclude Include="Code\Input\UserInput.h">
      <Filter>Code\Input</Filter>
    </ClInclude>
    <ClInclude Include="Code\Engine.h">
      <Filter>Code</Filter>
    </ClInclude>
    <ClInclude Include="Code\IGameLogic.h">
      <Filter>Code</Filter>
    </ClInclude>
    <ClInclude Include="Code\Window\Window.h">
      <Filter>Code\Window</Filter>
    </ClInclude>
    <ClInclude Include="Code\ECS\IOnComponentAddedListener.h">
      <Filter>Code\ECS</Filter>
    </ClInclude>
    <ClInclude Include="Code\ECS\IOnComponentRemovedListener.h">
      <Filter>Code\ECS</Filter>
    </ClInclude>
    <ClInclude Include="Code\ECS\IOnEntityCreatedListener.h">
      <Filter>Code\ECS</Filter>
    </ClInclude>
    <ClInclude Include="Code\ECS\IOnEntityDestructionListener.h">
      <Filter>Code\ECS</Filter>
    </ClInclude>
    <ClInclude Include="Code\ECS\Component\Component.h">
      <Filter>Code\ECS\Component</Filter>
    </ClInclude>
    <ClInclude Include="Code\ECS\Component\TransformationComponent.h">
      <Filter>Code\ECS\Component</Filter>
    </ClInclude>
    <ClInclude Include="Code\ECS\Component\RenderableComponent.h">
      <Filter>Code\ECS\Component</Filter>
    </ClInclude>
    <ClInclude Include="Code\GlobalVar.h">
      <Filter>Code</Filter>
    </ClInclude>
    <ClInclude Include="Code\Scene.h">
      <Filter>Code</Filter>
    </ClInclude>
    <ClInclude Include="Code\Graphics\Camera\Camera.h">
      <Filter>Code\Graphics\Camera</Filter>
    </ClInclude>
    <ClInclude Include="Code\ECS\EntityManager.h">
      <Filter>Code\ECS</Filter>
    </ClInclude>
    <ClInclude Include="Code\ECS\System\System.h">
      <Filter>Code\ECS\System</Filter>
    </ClInclude>
    <ClInclude Include="Code\ECS\SystemManager.h">
      <Filter>Code\ECS</Filter>
    </ClInclude>
    <ClInclude Include="Code\ECS\System\RenderSystem.h">
      <Filter>Code\ECS\System</Filter>
    </ClInclude>
    <ClInclude Include="Code\ECS\Component\CameraComponent.h">
      <Filter>Code\ECS\Component</Filter>
    </ClInclude>
    <ClInclude Include="Code\Graphics\RenderParams.h">
      <Filter>Code\Graphics</Filter>
    </ClInclude>
    <ClInclude Include="Code\ECS\System\CameraControllerSystem.h">
      <Filter>Code\ECS\System</Filter>
    </ClInclude>
    <ClInclude Include="Code\ECS\Component\PointLightComponent.h">
      <Filter>Code\ECS\Component</Filter>
    </ClInclude>
    <ClInclude Include="Code\ECS\Component\SpotLightComponent.h">
      <Filter>Code\ECS\Component</Filter>
    </ClInclude>
    <ClInclude Include="Code\Graphics\Mesh.h">
      <Filter>Code\Graphics</Filter>
    </ClInclude>
    <ClInclude Include="Code\Graphics\DrawItem.h">
      <Filter>Code\Graphics</Filter>
    </ClInclude>
    <ClInclude Include="Code\ECS\Component\MeshComponent.h">
      <Filter>Code\ECS\Component</Filter>
    </ClInclude>
    <ClInclude Include="Code\Graphics\Vulkan\VKTextureLoader.h">
      <Filter>Code\Graphics\Vulkan</Filter>
    </ClInclude>
    <ClInclude Include="Code\Graphics\Vulkan\Pipeline\VKDepthPrepassPipeline.h">
      <Filter>Code\Graphics\Vulkan\Pipeline</Filter>
    </ClInclude>
    <ClInclude Include="Code\Graphics\Vulkan\Pipeline\VKDepthPrepassAlphaMaskPipeline.h">
      <Filter>Code\Graphics\Vulkan\Pipeline</Filter>
    </ClInclude>
  </ItemGroup>
  <ItemGroup>
    <ClCompile Include="Code\Utility\Utility.cpp">
      <Filter>Code\Utility</Filter>
    </ClCompile>
    <ClCompile Include="Code\Graphics\Vulkan\VKSwapChain.cpp">
      <Filter>Code\Graphics\Vulkan</Filter>
    </ClCompile>
    <ClCompile Include="Code\Graphics\Vulkan\VKContext.cpp">
      <Filter>Code\Graphics\Vulkan</Filter>
    </ClCompile>
    <ClCompile Include="Code\Graphics\Vulkan\VKUtility.cpp">
      <Filter>Code\Graphics\Vulkan</Filter>
    </ClCompile>
    <ClCompile Include="Code\Graphics\Vulkan\VKRenderer.cpp">
      <Filter>Code\Graphics\Vulkan</Filter>
    </ClCompile>
    <ClCompile Include="Code\Graphics\Vulkan\Pipeline\VKForwardPipeline.cpp">
      <Filter>Code\Graphics\Vulkan\Pipeline</Filter>
    </ClCompile>
    <ClCompile Include="Code\Graphics\Vulkan\VKShaderModule.cpp">
      <Filter>Code\Graphics\Vulkan</Filter>
    </ClCompile>
    <ClCompile Include="Code\Graphics\Vulkan\VKRenderResources.cpp">
      <Filter>Code\Graphics\Vulkan</Filter>
    </ClCompile>
    <ClCompile Include="Code\Utility\stb_image.cpp">
      <Filter>Code\Utility</Filter>
    </ClCompile>
    <ClCompile Include="Code\Utility\stb_image_write.cpp">
      <Filter>Code\Utility</Filter>
    </ClCompile>
    <ClCompile Include="Code\Utility\tiny_gltf.cpp">
      <Filter>Code\Utility</Filter>
    </ClCompile>
    <ClCompile Include="Code\Input\UserInput.cpp">
      <Filter>Code\Input</Filter>
    </ClCompile>
    <ClCompile Include="Code\Engine.cpp">
      <Filter>Code</Filter>
    </ClCompile>
    <ClCompile Include="Code\Window\Window.cpp">
      <Filter>Code\Window</Filter>
    </ClCompile>
    <ClCompile Include="Code\ECS\Component\Component.cpp">
      <Filter>Code\ECS\Component</Filter>
    </ClCompile>
    <ClCompile Include="Code\GlobalVar.cpp">
      <Filter>Code</Filter>
    </ClCompile>
    <ClCompile Include="Code\Graphics\Camera\Camera.cpp">
      <Filter>Code\Graphics\Camera</Filter>
    </ClCompile>
    <ClCompile Include="Code\ECS\EntityManager.cpp">
      <Filter>Code\ECS</Filter>
    </ClCompile>
    <ClCompile Include="Code\ECS\System\System.cpp">
      <Filter>Code\ECS\System</Filter>
    </ClCompile>
    <ClCompile Include="Code\ECS\SystemManager.cpp">
      <Filter>Code\ECS</Filter>
    </ClCompile>
    <ClCompile Include="Code\ECS\System\RenderSystem.cpp">
      <Filter>Code\ECS\System</Filter>
    </ClCompile>
    <ClCompile Include="Code\ECS\System\CameraControllerSystem.cpp">
      <Filter>Code\ECS\System</Filter>
    </ClCompile>
    <ClCompile Include="Code\Scene.cpp">
      <Filter>Code</Filter>
    </ClCompile>
    <ClCompile Include="Code\Graphics\Vulkan\VKTextureLoader.cpp">
      <Filter>Code\Graphics\Vulkan</Filter>
    </ClCompile>
    <ClCompile Include="Code\Graphics\Vulkan\Pipeline\VKDepthPrepassPipeline.cpp">
      <Filter>Code\Graphics\Vulkan\Pipeline</Filter>
    </ClCompile>
    <ClCompile Include="Code\Graphics\Vulkan\Pipeline\VKDepthPrepassAlphaMaskPipeline.cpp">
      <Filter>Code\Graphics\Vulkan\Pipeline</Filter>
    </ClCompile>
  </ItemGroup>
</Project>