<?xml version="1.0" encoding="utf-8"?>
<Project ToolsVersion="4.0" xmlns="http://schemas.microsoft.com/developer/msbuild/2003">
  <ItemGroup>
    <Filter Include="Code">
      <UniqueIdentifier>{78ebb4f1-34d2-409e-a3e6-f10fecef27bd}</UniqueIdentifier>
    </Filter>
    <Filter Include="Code\Graphics">
      <UniqueIdentifier>{b0dea819-ca9b-4419-b8da-442cde84aef1}</UniqueIdentifier>
    </Filter>
    <Filter Include="Code\Graphics\Vulkan">
      <UniqueIdentifier>{ada72ffd-e6ea-401d-872c-e378fa5c458c}</UniqueIdentifier>
    </Filter>
    <Filter Include="Code\Window">
      <UniqueIdentifier>{59c747bc-b5aa-451b-8f24-0b64d90d9e51}</UniqueIdentifier>
    </Filter>
    <Filter Include="Code\Utility">
      <UniqueIdentifier>{ac3be736-9823-40ac-bf53-de54f6304185}</UniqueIdentifier>
    </Filter>
    <Filter Include="Code\Input">
      <UniqueIdentifier>{b9042ce5-8996-43e3-a87d-136048f86e5f}</UniqueIdentifier>
    </Filter>
    <Filter Include="Code\Graphics\Camera">
      <UniqueIdentifier>{a5522172-68aa-49ee-a986-0fd565925279}</UniqueIdentifier>
    </Filter>
    <Filter Include="Code\Graphics\Vulkan\Pass">
      <UniqueIdentifier>{677f189a-427e-40e2-989a-49d1555ec275}</UniqueIdentifier>
    </Filter>
    <Filter Include="Code\Component">
      <UniqueIdentifier>{afa93efd-7cf8-40f5-84e3-eef527e09db9}</UniqueIdentifier>
    </Filter>
    <Filter Include="Code\Graphics\Vulkan\Module">
      <UniqueIdentifier>{3cbaea81-8050-489d-a52d-63741b3b147b}</UniqueIdentifier>
    </Filter>
    <Filter Include="Code\Graphics\imgui">
      <UniqueIdentifier>{a1620fde-1206-4c40-8066-221a5b760040}</UniqueIdentifier>
    </Filter>
    <Filter Include="Code\Gui">
      <UniqueIdentifier>{a986f54a-fb21-4e47-bcd4-d4d615a52a56}</UniqueIdentifier>
    </Filter>
    <Filter Include="Code\Editor">
      <UniqueIdentifier>{df1a4664-06a3-40aa-9f97-a2abfdeb2b26}</UniqueIdentifier>
    </Filter>
  </ItemGroup>
  <ItemGroup>
    <ClInclude Include="Code\Graphics\Vulkan\VKContext.h">
      <Filter>Code\Graphics\Vulkan</Filter>
    </ClInclude>
    <ClInclude Include="Code\Utility\Utility.h">
      <Filter>Code\Utility</Filter>
    </ClInclude>
    <ClInclude Include="Code\Graphics\Vulkan\VKUtility.h">
      <Filter>Code\Graphics\Vulkan</Filter>
    </ClInclude>
    <ClInclude Include="Code\Graphics\Vulkan\VKRenderer.h">
      <Filter>Code\Graphics\Vulkan</Filter>
    </ClInclude>
    <ClInclude Include="Code\Graphics\Vulkan\VKRenderResources.h">
      <Filter>Code\Graphics\Vulkan</Filter>
    </ClInclude>
    <ClInclude Include="Code\Utility\ContainerUtility.h">
      <Filter>Code\Utility</Filter>
    </ClInclude>
    <ClInclude Include="Code\Input\IInputListener.h">
      <Filter>Code\Input</Filter>
    </ClInclude>
    <ClInclude Include="Code\Input\InputTokens.h">
      <Filter>Code\Input</Filter>
    </ClInclude>
    <ClInclude Include="Code\Input\UserInput.h">
      <Filter>Code\Input</Filter>
    </ClInclude>
    <ClInclude Include="Code\Engine.h">
      <Filter>Code</Filter>
    </ClInclude>
    <ClInclude Include="Code\IGameLogic.h">
      <Filter>Code</Filter>
    </ClInclude>
    <ClInclude Include="Code\Window\Window.h">
      <Filter>Code\Window</Filter>
    </ClInclude>
    <ClInclude Include="Code\GlobalVar.h">
      <Filter>Code</Filter>
    </ClInclude>
    <ClInclude Include="Code\Scene.h">
      <Filter>Code</Filter>
    </ClInclude>
    <ClInclude Include="Code\Graphics\Camera\Camera.h">
      <Filter>Code\Graphics\Camera</Filter>
    </ClInclude>
    <ClInclude Include="Code\Graphics\Mesh.h">
      <Filter>Code\Graphics</Filter>
    </ClInclude>
    <ClInclude Include="Code\Graphics\Vulkan\VKTextureLoader.h">
      <Filter>Code\Graphics\Vulkan</Filter>
    </ClInclude>
    <ClInclude Include="Code\Graphics\LightData.h">
      <Filter>Code\Graphics</Filter>
    </ClInclude>
    <ClInclude Include="Code\Graphics\Vulkan\VKImage.h">
      <Filter>Code\Graphics\Vulkan</Filter>
    </ClInclude>
    <ClInclude Include="Code\Graphics\Vulkan\VKBuffer.h">
      <Filter>Code\Graphics\Vulkan</Filter>
    </ClInclude>
    <ClInclude Include="Code\Graphics\Vulkan\Pass\VKGeometryPass.h">
      <Filter>Code\Graphics\Vulkan\Pass</Filter>
    </ClInclude>
    <ClInclude Include="Code\Graphics\Vulkan\Pass\VKShadowPass.h">
      <Filter>Code\Graphics\Vulkan\Pass</Filter>
    </ClInclude>
    <ClInclude Include="Code\Graphics\Vulkan\VKMemoryAllocator.h">
      <Filter>Code\Graphics\Vulkan</Filter>
    </ClInclude>
    <ClInclude Include="Code\Utility\ObjectPool.h">
      <Filter>Code\Utility</Filter>
    </ClInclude>
    <ClInclude Include="Code\Graphics\Vulkan\Pass\VKMemoryHeapDebugPass.h">
      <Filter>Code\Graphics\Vulkan\Pass</Filter>
    </ClInclude>
    <ClInclude Include="Code\Graphics\Vulkan\Pass\VKTextPass.h">
      <Filter>Code\Graphics\Vulkan\Pass</Filter>
    </ClInclude>
    <ClInclude Include="Code\Graphics\Vulkan\VKPipeline.h">
      <Filter>Code\Graphics\Vulkan</Filter>
    </ClInclude>
    <ClInclude Include="Code\Graphics\Vulkan\Pass\VKRasterTilingPass.h">
      <Filter>Code\Graphics\Vulkan\Pass</Filter>
    </ClInclude>
    <ClInclude Include="Code\Graphics\Vulkan\Pass\VKLuminanceHistogramPass.h">
      <Filter>Code\Graphics\Vulkan\Pass</Filter>
    </ClInclude>
    <ClInclude Include="Code\Graphics\Vulkan\Pass\VKLuminanceHistogramReduceAveragePass.h">
      <Filter>Code\Graphics\Vulkan\Pass</Filter>
    </ClInclude>
    <ClInclude Include="Code\Graphics\Vulkan\Pass\VKTonemapPass.h">
      <Filter>Code\Graphics\Vulkan\Pass</Filter>
    </ClInclude>
    <ClInclude Include="Code\Graphics\Vulkan\Pass\VKLuminanceHistogramDebugPass.h">
      <Filter>Code\Graphics\Vulkan\Pass</Filter>
    </ClInclude>
    <ClInclude Include="Code\Graphics\Vulkan\Pass\VKTAAResolvePass.h">
      <Filter>Code\Graphics\Vulkan\Pass</Filter>
    </ClInclude>
    <ClInclude Include="Code\Graphics\Vulkan\Pass\VKVelocityInitializationPass.h">
      <Filter>Code\Graphics\Vulkan\Pass</Filter>
    </ClInclude>
    <ClInclude Include="Code\Components\CameraComponent.h">
      <Filter>Code\Component</Filter>
    </ClInclude>
    <ClInclude Include="Code\Components\DirectionalLightComponent.h">
      <Filter>Code\Component</Filter>
    </ClInclude>
    <ClInclude Include="Code\Components\MeshComponent.h">
      <Filter>Code\Component</Filter>
    </ClInclude>
    <ClInclude Include="Code\Components\PointLightComponent.h">
      <Filter>Code\Component</Filter>
    </ClInclude>
    <ClInclude Include="Code\Components\RenderableComponent.h">
      <Filter>Code\Component</Filter>
    </ClInclude>
    <ClInclude Include="Code\Components\SpotLightComponent.h">
      <Filter>Code\Component</Filter>
    </ClInclude>
    <ClInclude Include="Code\Components\TransformationComponent.h">
      <Filter>Code\Component</Filter>
    </ClInclude>
    <ClInclude Include="Code\Graphics\RenderSystem.h">
      <Filter>Code\Graphics</Filter>
    </ClInclude>
    <ClInclude Include="Code\Input\CameraControllerSystem.h">
      <Filter>Code\Input</Filter>
    </ClInclude>
    <ClInclude Include="Code\Utility\Timer.h">
      <Filter>Code\Utility</Filter>
    </ClInclude>
    <ClInclude Include="Code\Graphics\RendererConsts.h">
      <Filter>Code\Graphics</Filter>
    </ClInclude>
    <ClInclude Include="Code\Graphics\Vulkan\VKMaterialManager.h">
      <Filter>Code\Graphics\Vulkan</Filter>
    </ClInclude>
    <ClInclude Include="Code\Handles.h">
      <Filter>Code</Filter>
    </ClInclude>
    <ClInclude Include="Code\Graphics\RenderData.h">
      <Filter>Code\Graphics</Filter>
    </ClInclude>
    <ClInclude Include="Code\Utility\TLSFAllocator.h">
      <Filter>Code\Utility</Filter>
    </ClInclude>
    <ClInclude Include="Code\Graphics\Vulkan\VKPipelineCache.h">
      <Filter>Code\Graphics\Vulkan</Filter>
    </ClInclude>
    <ClInclude Include="Code\Graphics\Vulkan\VKDescriptorSetCache.h">
      <Filter>Code\Graphics\Vulkan</Filter>
    </ClInclude>
    <ClInclude Include="Code\Graphics\Vulkan\VKResourceDefinitions.h">
      <Filter>Code\Graphics\Vulkan</Filter>
    </ClInclude>
    <ClInclude Include="Code\Graphics\Vulkan\VKMappableBufferBlock.h">
      <Filter>Code\Graphics\Vulkan</Filter>
    </ClInclude>
    <ClInclude Include="Code\Graphics\Vulkan\VKMeshManager.h">
      <Filter>Code\Graphics\Vulkan</Filter>
    </ClInclude>
    <ClInclude Include="Code\Utility\AxisAlignedBoundingBox.h">
      <Filter>Code\Utility</Filter>
    </ClInclude>
    <ClInclude Include="Code\Graphics\Vulkan\Pass\VKPrepareIndirectBuffersPass.h">
      <Filter>Code\Graphics\Vulkan\Pass</Filter>
    </ClInclude>
    <ClInclude Include="Code\Graphics\Vulkan\volk.h">
      <Filter>Code\Graphics\Vulkan</Filter>
    </ClInclude>
    <ClInclude Include="Code\Graphics\Vulkan\Pass\VKFXAAPass.h">
      <Filter>Code\Graphics\Vulkan\Pass</Filter>
    </ClInclude>
    <ClInclude Include="Code\Graphics\Vulkan\Pass\VKTransparencyWritePass.h">
      <Filter>Code\Graphics\Vulkan\Pass</Filter>
    </ClInclude>
    <ClInclude Include="Code\Graphics\Vulkan\Pass\VKGTAOPass.h">
      <Filter>Code\Graphics\Vulkan\Pass</Filter>
    </ClInclude>
    <ClInclude Include="Code\Graphics\Vulkan\Pass\VKGTAOSpatialFilterPass.h">
      <Filter>Code\Graphics\Vulkan\Pass</Filter>
    </ClInclude>
    <ClInclude Include="Code\Graphics\Vulkan\Pass\VKGTAOTemporalFilterPass.h">
      <Filter>Code\Graphics\Vulkan\Pass</Filter>
    </ClInclude>
    <ClInclude Include="Code\Graphics\Vulkan\Pass\VKSDSMClearPass.h">
      <Filter>Code\Graphics\Vulkan\Pass</Filter>
    </ClInclude>
    <ClInclude Include="Code\Graphics\Vulkan\Pass\VKSDSMShadowMatrixPass.h">
      <Filter>Code\Graphics\Vulkan\Pass</Filter>
    </ClInclude>
    <ClInclude Include="Code\Graphics\Vulkan\Pass\VKSDSMDepthReducePass.h">
      <Filter>Code\Graphics\Vulkan\Pass</Filter>
    </ClInclude>
    <ClInclude Include="Code\Graphics\Vulkan\Pass\VKSDSMBoundsReducePass.h">
      <Filter>Code\Graphics\Vulkan\Pass</Filter>
    </ClInclude>
    <ClInclude Include="Code\Graphics\Vulkan\Pass\VKSDSMSplitsPass.h">
      <Filter>Code\Graphics\Vulkan\Pass</Filter>
    </ClInclude>
    <ClInclude Include="Code\Graphics\Vulkan\Pass\VKTriangleFilterPass.h">
      <Filter>Code\Graphics\Vulkan\Pass</Filter>
    </ClInclude>
    <ClInclude Include="Code\Graphics\Vulkan\Module\VKTriangleFilterModule.h">
      <Filter>Code\Graphics\Vulkan\Module</Filter>
    </ClInclude>
    <ClInclude Include="Code\Graphics\Vulkan\Module\VKSDSMModule.h">
      <Filter>Code\Graphics\Vulkan\Module</Filter>
    </ClInclude>
    <ClInclude Include="Code\Graphics\Vulkan\RenderGraph.h">
      <Filter>Code\Graphics\Vulkan</Filter>
    </ClInclude>
    <ClInclude Include="Code\Graphics\Vulkan\RenderPassCache.h">
      <Filter>Code\Graphics\Vulkan</Filter>
    </ClInclude>
    <ClInclude Include="Code\Graphics\Vulkan\SyncPrimitivePool.h">
      <Filter>Code\Graphics\Vulkan</Filter>
    </ClInclude>
    <ClInclude Include="Code\Graphics\Vulkan\CommandBufferPool.h">
      <Filter>Code\Graphics\Vulkan</Filter>
    </ClInclude>
    <ClInclude Include="Code\Graphics\Vulkan\DeferredObjectDeleter.h">
      <Filter>Code\Graphics\Vulkan</Filter>
    </ClInclude>
    <ClInclude Include="Code\Graphics\Vulkan\PassRecordContext.h">
      <Filter>Code\Graphics\Vulkan</Filter>
    </ClInclude>
    <ClInclude Include="Code\Graphics\imgui\imconfig.h">
      <Filter>Code\Graphics\imgui</Filter>
    </ClInclude>
    <ClInclude Include="Code\Graphics\imgui\imgui.h">
      <Filter>Code\Graphics\imgui</Filter>
    </ClInclude>
    <ClInclude Include="Code\Graphics\imgui\imgui_internal.h">
      <Filter>Code\Graphics\imgui</Filter>
    </ClInclude>
    <ClInclude Include="Code\Graphics\imgui\imstb_rectpack.h">
      <Filter>Code\Graphics\imgui</Filter>
    </ClInclude>
    <ClInclude Include="Code\Graphics\imgui\imstb_textedit.h">
      <Filter>Code\Graphics\imgui</Filter>
    </ClInclude>
    <ClInclude Include="Code\Graphics\imgui\imstb_truetype.h">
      <Filter>Code\Graphics\imgui</Filter>
    </ClInclude>
    <ClInclude Include="Code\Graphics\imgui\imgui_impl_glfw.h">
      <Filter>Code\Graphics\imgui</Filter>
    </ClInclude>
    <ClInclude Include="Code\Graphics\Vulkan\Pass\ImGuiPass.h">
      <Filter>Code\Graphics\Vulkan\Pass</Filter>
    </ClInclude>
    <ClInclude Include="Code\Graphics\imgui\ImGuizmo.h">
      <Filter>Code\Graphics\imgui</Filter>
    </ClInclude>
    <ClInclude Include="Code\Gui\MemoryAllocatorPlot.h">
      <Filter>Code\Gui</Filter>
    </ClInclude>
    <ClInclude Include="Code\Graphics\PassTimingInfo.h">
      <Filter>Code\Graphics</Filter>
    </ClInclude>
    <ClInclude Include="Code\Graphics\ViewRenderList.h">
      <Filter>Code\Graphics</Filter>
    </ClInclude>
    <ClInclude Include="Code\Graphics\Vulkan\Pass\DeferredShadowsPass.h">
      <Filter>Code\Graphics\Vulkan\Pass</Filter>
    </ClInclude>
    <ClInclude Include="Code\Graphics\Vulkan\Pass\MeshClusterVisualizationPass.h">
      <Filter>Code\Graphics\Vulkan\Pass</Filter>
    </ClInclude>
    <ClInclude Include="Code\Graphics\Vulkan\Pass\OcclusionCullingReprojectionPass.h">
      <Filter>Code\Graphics\Vulkan\Pass</Filter>
    </ClInclude>
    <ClInclude Include="Code\Graphics\Vulkan\Pass\OcclusionCullingCopyToDepthPass.h">
      <Filter>Code\Graphics\Vulkan\Pass</Filter>
    </ClInclude>
    <ClInclude Include="Code\Graphics\Vulkan\Pass\OcclusionCullingPass.h">
      <Filter>Code\Graphics\Vulkan\Pass</Filter>
    </ClInclude>
    <ClInclude Include="Code\Graphics\Vulkan\Pass\OcclusionCullingCreateDrawArgsPass.h">
      <Filter>Code\Graphics\Vulkan\Pass</Filter>
    </ClInclude>
    <ClInclude Include="Code\Graphics\Vulkan\Pass\ReadBackCopyPass.h">
      <Filter>Code\Graphics\Vulkan\Pass</Filter>
    </ClInclude>
    <ClInclude Include="Code\Graphics\Vulkan\Pass\OcclusionCullingHiZPass.h">
      <Filter>Code\Graphics\Vulkan\Pass</Filter>
    </ClInclude>
    <ClInclude Include="Code\Graphics\Vulkan\Pass\BuildIndexBufferPass.h">
      <Filter>Code\Graphics\Vulkan\Pass</Filter>
    </ClInclude>
    <ClInclude Include="Code\Graphics\Vulkan\Pass\ClearVoxelsPass.h">
      <Filter>Code\Graphics\Vulkan\Pass</Filter>
    </ClInclude>
    <ClInclude Include="Code\Graphics\Vulkan\Pass\IrradianceVolumeDebugPass.h">
      <Filter>Code\Graphics\Vulkan\Pass</Filter>
    </ClInclude>
    <ClInclude Include="Code\Graphics\Vulkan\Pass\UpdateQueueProbabilityPass.h">
      <Filter>Code\Graphics\Vulkan\Pass</Filter>
    </ClInclude>
    <ClInclude Include="Code\Graphics\Vulkan\Pass\FillLightingQueuesPass.h">
      <Filter>Code\Graphics\Vulkan\Pass</Filter>
    </ClInclude>
    <ClInclude Include="Code\Graphics\Vulkan\Pass\IrradianceVolumeUpdateProbesPass.h">
      <Filter>Code\Graphics\Vulkan\Pass</Filter>
    </ClInclude>
    <ClInclude Include="Code\Level.h">
      <Filter>Code</Filter>
    </ClInclude>
    <ClInclude Include="Code\Editor\EntityDetailsWindow.h">
      <Filter>Code\Editor</Filter>
    </ClInclude>
    <ClInclude Include="Code\Editor\Editor.h">
      <Filter>Code\Editor</Filter>
    </ClInclude>
    <ClInclude Include="Code\Graphics\BVH.h">
      <Filter>Code\Graphics</Filter>
    </ClInclude>
    <ClInclude Include="Code\Graphics\Vulkan\Pass\RayTraceTestPass.h">
      <Filter>Code\Graphics\Vulkan\Pass</Filter>
    </ClInclude>
    <ClInclude Include="Code\Graphics\Vulkan\Pass\SharpenFfxCasPass.h">
      <Filter>Code\Graphics\Vulkan\Pass</Filter>
    </ClInclude>
    <ClInclude Include="Code\Graphics\Vulkan\Pass\ClearBricksPass.h">
      <Filter>Code\Graphics\Vulkan\Pass</Filter>
    </ClInclude>
    <ClInclude Include="Code\Graphics\Vulkan\Pass\VoxelizationAllocatePass.h">
      <Filter>Code\Graphics\Vulkan\Pass</Filter>
    </ClInclude>
    <ClInclude Include="Code\Graphics\Vulkan\Pass\InitBrickPoolPass.h">
      <Filter>Code\Graphics\Vulkan\Pass</Filter>
    </ClInclude>
    <ClInclude Include="Code\Graphics\Vulkan\Pass\BrickDebugPass.h">
      <Filter>Code\Graphics\Vulkan\Pass</Filter>
    </ClInclude>
    <ClInclude Include="Code\Graphics\Vulkan\Pass\VoxelizationFillPass.h">
      <Filter>Code\Graphics\Vulkan\Pass</Filter>
    </ClInclude>
    <ClInclude Include="Code\Graphics\Vulkan\Pass\VoxelizationMarkPass.h">
      <Filter>Code\Graphics\Vulkan\Pass</Filter>
    </ClInclude>
    <ClInclude Include="Code\Graphics\Vulkan\Pass\LightingPass.h">
      <Filter>Code\Graphics\Vulkan\Pass</Filter>
    </ClInclude>
    <ClInclude Include="Code\Graphics\Vulkan\Pass\IndirectDiffusePass.h">
      <Filter>Code\Graphics\Vulkan\Pass</Filter>
    </ClInclude>
    <ClInclude Include="Code\Graphics\Vulkan\Module\DiffuseGIProbesModule.h">
      <Filter>Code\Graphics\Vulkan\Module</Filter>
    </ClInclude>
    <ClInclude Include="Code\Graphics\Vulkan\Module\SparseVoxelBricksModule.h">
      <Filter>Code\Graphics\Vulkan\Module</Filter>
    </ClInclude>
    <ClInclude Include="Code\Graphics\Vulkan\Pass\ScreenSpaceVoxelizationPass.h">
      <Filter>Code\Graphics\Vulkan\Pass</Filter>
    </ClInclude>
    <ClInclude Include="Code\Graphics\Vulkan\Pass\IrradianceVolumeRayMarchingPass.h">
      <Filter>Code\Graphics\Vulkan\Pass</Filter>
    </ClInclude>
    <ClInclude Include="Code\Graphics\Vulkan\Module\GTAOModule.h">
      <Filter>Code\Graphics\Vulkan\Module</Filter>
    </ClInclude>
    <ClInclude Include="Code\Graphics\Vulkan\Pass\BloomDownsamplePass.h">
      <Filter>Code\Graphics\Vulkan\Pass</Filter>
    </ClInclude>
    <ClInclude Include="Code\Graphics\Vulkan\Pass\BloomUpsamplePass.h">
      <Filter>Code\Graphics\Vulkan\Pass</Filter>
    </ClInclude>
    <ClInclude Include="Code\Graphics\Vulkan\Module\BloomModule.h">
      <Filter>Code\Graphics\Vulkan\Module</Filter>
    </ClInclude>
    <ClInclude Include="Code\Graphics\Vulkan\Pass\TAAPass.h">
      <Filter>Code\Graphics\Vulkan\Pass</Filter>
    </ClInclude>
    <ClInclude Include="Code\Graphics\Vulkan\Pass\HiZPyramidPass.h">
      <Filter>Code\Graphics\Vulkan\Pass</Filter>
    </ClInclude>
    <ClInclude Include="Code\Graphics\Vulkan\Pass\IndirectLightPass.h">
      <Filter>Code\Graphics\Vulkan\Pass</Filter>
    </ClInclude>
    <ClInclude Include="Code\Graphics\Vulkan\Pass\SSRPass.h">
      <Filter>Code\Graphics\Vulkan\Pass</Filter>
    </ClInclude>
    <ClInclude Include="Code\Graphics\Vulkan\Pass\ForwardLightingPass.h">
      <Filter>Code\Graphics\Vulkan\Pass</Filter>
    </ClInclude>
    <ClInclude Include="Code\Graphics\Vulkan\Pass\DepthPrepassPass.h">
      <Filter>Code\Graphics\Vulkan\Pass</Filter>
    </ClInclude>
    <ClInclude Include="Code\Graphics\Vulkan\Pass\SSRResolvePass.h">
      <Filter>Code\Graphics\Vulkan\Pass</Filter>
    </ClInclude>
    <ClInclude Include="Code\Graphics\Vulkan\Pass\IntegrateBrdfPass.h">
      <Filter>Code\Graphics\Vulkan\Pass</Filter>
    </ClInclude>
    <ClInclude Include="Code\Graphics\Vulkan\Pass\SSRTemporalFilterPass.h">
      <Filter>Code\Graphics\Vulkan\Pass</Filter>
    </ClInclude>
    <ClInclude Include="Code\Graphics\Vulkan\Module\SSRModule.h">
      <Filter>Code\Graphics\Vulkan\Module</Filter>
    </ClInclude>
    <ClInclude Include="Code\Graphics\Vulkan\SwapChainVK.h">
      <Filter>Code\Graphics\Vulkan</Filter>
    </ClInclude>
    <ClInclude Include="Code\Graphics\Vulkan\Pass\GenerateMipMapsPass.h">
      <Filter>Code\Graphics\Vulkan\Pass</Filter>
    </ClInclude>
  </ItemGroup>
  <ItemGroup>
    <ClCompile Include="Code\Utility\Utility.cpp">
      <Filter>Code\Utility</Filter>
    </ClCompile>
    <ClCompile Include="Code\Graphics\Vulkan\VKContext.cpp">
      <Filter>Code\Graphics\Vulkan</Filter>
    </ClCompile>
    <ClCompile Include="Code\Graphics\Vulkan\VKUtility.cpp">
      <Filter>Code\Graphics\Vulkan</Filter>
    </ClCompile>
    <ClCompile Include="Code\Graphics\Vulkan\VKRenderer.cpp">
      <Filter>Code\Graphics\Vulkan</Filter>
    </ClCompile>
    <ClCompile Include="Code\Graphics\Vulkan\VKRenderResources.cpp">
      <Filter>Code\Graphics\Vulkan</Filter>
    </ClCompile>
    <ClCompile Include="Code\Input\UserInput.cpp">
      <Filter>Code\Input</Filter>
    </ClCompile>
    <ClCompile Include="Code\Engine.cpp">
      <Filter>Code</Filter>
    </ClCompile>
    <ClCompile Include="Code\Window\Window.cpp">
      <Filter>Code\Window</Filter>
    </ClCompile>
    <ClCompile Include="Code\GlobalVar.cpp">
      <Filter>Code</Filter>
    </ClCompile>
    <ClCompile Include="Code\Graphics\Camera\Camera.cpp">
      <Filter>Code\Graphics\Camera</Filter>
    </ClCompile>
    <ClCompile Include="Code\Scene.cpp">
      <Filter>Code</Filter>
    </ClCompile>
    <ClCompile Include="Code\Graphics\Vulkan\VKTextureLoader.cpp">
      <Filter>Code\Graphics\Vulkan</Filter>
    </ClCompile>
    <ClCompile Include="Code\Graphics\Vulkan\VKImage.cpp">
      <Filter>Code\Graphics\Vulkan</Filter>
    </ClCompile>
    <ClCompile Include="Code\Graphics\Vulkan\VKBuffer.cpp">
      <Filter>Code\Graphics\Vulkan</Filter>
    </ClCompile>
    <ClCompile Include="Code\Graphics\Vulkan\Pass\VKGeometryPass.cpp">
      <Filter>Code\Graphics\Vulkan\Pass</Filter>
    </ClCompile>
    <ClCompile Include="Code\Graphics\Vulkan\Pass\VKShadowPass.cpp">
      <Filter>Code\Graphics\Vulkan\Pass</Filter>
    </ClCompile>
    <ClCompile Include="Code\Graphics\Vulkan\VKMemoryAllocator.cpp">
      <Filter>Code\Graphics\Vulkan</Filter>
    </ClCompile>
    <ClCompile Include="Code\Graphics\Vulkan\Pass\VKMemoryHeapDebugPass.cpp">
      <Filter>Code\Graphics\Vulkan\Pass</Filter>
    </ClCompile>
    <ClCompile Include="Code\Graphics\Vulkan\Pass\VKTextPass.cpp">
      <Filter>Code\Graphics\Vulkan\Pass</Filter>
    </ClCompile>
    <ClCompile Include="Code\Graphics\Vulkan\VKPipeline.cpp">
      <Filter>Code\Graphics\Vulkan</Filter>
    </ClCompile>
    <ClCompile Include="Code\Graphics\Vulkan\Pass\VKRasterTilingPass.cpp">
      <Filter>Code\Graphics\Vulkan\Pass</Filter>
    </ClCompile>
    <ClCompile Include="Code\Graphics\Vulkan\Pass\VKLuminanceHistogramPass.cpp">
      <Filter>Code\Graphics\Vulkan\Pass</Filter>
    </ClCompile>
    <ClCompile Include="Code\Graphics\Vulkan\Pass\VKLuminanceHistogramReduceAveragePass.cpp">
      <Filter>Code\Graphics\Vulkan\Pass</Filter>
    </ClCompile>
    <ClCompile Include="Code\Graphics\Vulkan\Pass\VKTonemapPass.cpp">
      <Filter>Code\Graphics\Vulkan\Pass</Filter>
    </ClCompile>
    <ClCompile Include="Code\Graphics\Vulkan\Pass\VKLuminanceHistogramDebugPass.cpp">
      <Filter>Code\Graphics\Vulkan\Pass</Filter>
    </ClCompile>
    <ClCompile Include="Code\Graphics\Vulkan\Pass\VKTAAResolvePass.cpp">
      <Filter>Code\Graphics\Vulkan\Pass</Filter>
    </ClCompile>
    <ClCompile Include="Code\Graphics\Vulkan\Pass\VKVelocityInitializationPass.cpp">
      <Filter>Code\Graphics\Vulkan\Pass</Filter>
    </ClCompile>
    <ClCompile Include="Code\Graphics\RenderSystem.cpp">
      <Filter>Code\Graphics</Filter>
    </ClCompile>
    <ClCompile Include="Code\Input\CameraControllerSystem.cpp">
      <Filter>Code\Input</Filter>
    </ClCompile>
    <ClCompile Include="Code\Utility\Timer.cpp">
      <Filter>Code\Utility</Filter>
    </ClCompile>
    <ClCompile Include="Code\Graphics\Vulkan\VKMaterialManager.cpp">
      <Filter>Code\Graphics\Vulkan</Filter>
    </ClCompile>
    <ClCompile Include="Code\Utility\TLSFAllocator.cpp">
      <Filter>Code\Utility</Filter>
    </ClCompile>
    <ClCompile Include="Code\Graphics\Vulkan\VKPipelineCache.cpp">
      <Filter>Code\Graphics\Vulkan</Filter>
    </ClCompile>
    <ClCompile Include="Code\Graphics\Vulkan\VKDescriptorSetCache.cpp">
      <Filter>Code\Graphics\Vulkan</Filter>
    </ClCompile>
    <ClCompile Include="Code\Graphics\Vulkan\VKMappableBufferBlock.cpp">
      <Filter>Code\Graphics\Vulkan</Filter>
    </ClCompile>
    <ClCompile Include="Code\Graphics\Vulkan\VKMeshManager.cpp">
      <Filter>Code\Graphics\Vulkan</Filter>
    </ClCompile>
    <ClCompile Include="Code\Graphics\Vulkan\Pass\VKPrepareIndirectBuffersPass.cpp">
      <Filter>Code\Graphics\Vulkan\Pass</Filter>
    </ClCompile>
    <ClCompile Include="Code\Graphics\Vulkan\volk.c">
      <Filter>Code\Graphics\Vulkan</Filter>
    </ClCompile>
    <ClCompile Include="Code\Graphics\Vulkan\Pass\VKFXAAPass.cpp">
      <Filter>Code\Graphics\Vulkan\Pass</Filter>
    </ClCompile>
    <ClCompile Include="Code\Graphics\Vulkan\Pass\VKTransparencyWritePass.cpp">
      <Filter>Code\Graphics\Vulkan\Pass</Filter>
    </ClCompile>
    <ClCompile Include="Code\Graphics\Vulkan\Pass\VKGTAOPass.cpp">
      <Filter>Code\Graphics\Vulkan\Pass</Filter>
    </ClCompile>
    <ClCompile Include="Code\Graphics\Vulkan\Pass\VKGTAOSpatialFilterPass.cpp">
      <Filter>Code\Graphics\Vulkan\Pass</Filter>
    </ClCompile>
    <ClCompile Include="Code\Graphics\Vulkan\Pass\VKGTAOTemporalFilterPass.cpp">
      <Filter>Code\Graphics\Vulkan\Pass</Filter>
    </ClCompile>
    <ClCompile Include="Code\Graphics\Vulkan\Pass\VKSDSMClearPass.cpp">
      <Filter>Code\Graphics\Vulkan\Pass</Filter>
    </ClCompile>
    <ClCompile Include="Code\Graphics\Vulkan\Pass\VKSDSMShadowMatrixPass.cpp">
      <Filter>Code\Graphics\Vulkan\Pass</Filter>
    </ClCompile>
    <ClCompile Include="Code\Graphics\Vulkan\Pass\VKSDSMDepthReducePass.cpp">
      <Filter>Code\Graphics\Vulkan\Pass</Filter>
    </ClCompile>
    <ClCompile Include="Code\Graphics\Vulkan\Pass\VKSDSMBoundsReducePass.cpp">
      <Filter>Code\Graphics\Vulkan\Pass</Filter>
    </ClCompile>
    <ClCompile Include="Code\Graphics\Vulkan\Pass\VKSDSMSplitsPass.cpp">
      <Filter>Code\Graphics\Vulkan\Pass</Filter>
    </ClCompile>
    <ClCompile Include="Code\Graphics\Vulkan\Pass\VKTriangleFilterPass.cpp">
      <Filter>Code\Graphics\Vulkan\Pass</Filter>
    </ClCompile>
    <ClCompile Include="Code\Graphics\Vulkan\Module\VKTriangleFilterModule.cpp">
      <Filter>Code\Graphics\Vulkan\Module</Filter>
    </ClCompile>
    <ClCompile Include="Code\Graphics\Vulkan\Module\VKSDSMModule.cpp">
      <Filter>Code\Graphics\Vulkan\Module</Filter>
    </ClCompile>
    <ClCompile Include="Code\Graphics\Vulkan\RenderGraph.cpp">
      <Filter>Code\Graphics\Vulkan</Filter>
    </ClCompile>
    <ClCompile Include="Code\Graphics\Vulkan\RenderPassCache.cpp">
      <Filter>Code\Graphics\Vulkan</Filter>
    </ClCompile>
    <ClCompile Include="Code\Graphics\Vulkan\SyncPrimitivePool.cpp">
      <Filter>Code\Graphics\Vulkan</Filter>
    </ClCompile>
    <ClCompile Include="Code\Graphics\Vulkan\CommandBufferPool.cpp">
      <Filter>Code\Graphics\Vulkan</Filter>
    </ClCompile>
    <ClCompile Include="Code\Graphics\Vulkan\DeferredObjectDeleter.cpp">
      <Filter>Code\Graphics\Vulkan</Filter>
    </ClCompile>
    <ClCompile Include="Code\Graphics\imgui\imgui.cpp">
      <Filter>Code\Graphics\imgui</Filter>
    </ClCompile>
    <ClCompile Include="Code\Graphics\imgui\imgui_demo.cpp">
      <Filter>Code\Graphics\imgui</Filter>
    </ClCompile>
    <ClCompile Include="Code\Graphics\imgui\imgui_draw.cpp">
      <Filter>Code\Graphics\imgui</Filter>
    </ClCompile>
    <ClCompile Include="Code\Graphics\imgui\imgui_widgets.cpp">
      <Filter>Code\Graphics\imgui</Filter>
    </ClCompile>
    <ClCompile Include="Code\Graphics\imgui\imgui_impl_glfw.cpp">
      <Filter>Code\Graphics\imgui</Filter>
    </ClCompile>
    <ClCompile Include="Code\Graphics\Vulkan\Pass\ImGuiPass.cpp">
      <Filter>Code\Graphics\Vulkan\Pass</Filter>
    </ClCompile>
    <ClCompile Include="Code\Graphics\imgui\ImGuizmo.cpp">
      <Filter>Code\Graphics\imgui</Filter>
    </ClCompile>
    <ClCompile Include="Code\Gui\MemoryAllocatorPlot.cpp">
      <Filter>Code\Gui</Filter>
    </ClCompile>
    <ClCompile Include="Code\Graphics\Vulkan\Pass\DeferredShadowsPass.cpp">
      <Filter>Code\Graphics\Vulkan\Pass</Filter>
    </ClCompile>
    <ClCompile Include="Code\Graphics\Vulkan\Pass\MeshClusterVisualizationPass.cpp">
      <Filter>Code\Graphics\Vulkan\Pass</Filter>
    </ClCompile>
    <ClCompile Include="Code\Graphics\Vulkan\Pass\OcclusionCullingReprojectionPass.cpp">
      <Filter>Code\Graphics\Vulkan\Pass</Filter>
    </ClCompile>
    <ClCompile Include="Code\Graphics\Vulkan\Pass\OcclusionCullingCopyToDepthPass.cpp">
      <Filter>Code\Graphics\Vulkan\Pass</Filter>
    </ClCompile>
    <ClCompile Include="Code\Graphics\Vulkan\Pass\OcclusionCullingPass.cpp">
      <Filter>Code\Graphics\Vulkan\Pass</Filter>
    </ClCompile>
    <ClCompile Include="Code\Graphics\Vulkan\Pass\OcclusionCullingCreateDrawArgsPass.cpp">
      <Filter>Code\Graphics\Vulkan\Pass</Filter>
    </ClCompile>
    <ClCompile Include="Code\Graphics\Vulkan\Pass\ReadBackCopyPass.cpp">
      <Filter>Code\Graphics\Vulkan\Pass</Filter>
    </ClCompile>
    <ClCompile Include="Code\Graphics\Vulkan\Pass\OcclusionCullingHiZPass.cpp">
      <Filter>Code\Graphics\Vulkan\Pass</Filter>
    </ClCompile>
    <ClCompile Include="Code\Graphics\Vulkan\Pass\BuildIndexBufferPass.cpp">
      <Filter>Code\Graphics\Vulkan\Pass</Filter>
    </ClCompile>
    <ClCompile Include="Code\Graphics\Vulkan\Pass\ClearVoxelsPass.cpp">
      <Filter>Code\Graphics\Vulkan\Pass</Filter>
    </ClCompile>
    <ClCompile Include="Code\Graphics\Vulkan\Pass\IrradianceVolumeDebugPass.cpp">
      <Filter>Code\Graphics\Vulkan\Pass</Filter>
    </ClCompile>
    <ClCompile Include="Code\Graphics\Vulkan\Pass\UpdateQueueProbabilityPass.cpp">
      <Filter>Code\Graphics\Vulkan\Pass</Filter>
    </ClCompile>
    <ClCompile Include="Code\Graphics\Vulkan\Pass\FillLightingQueuesPass.cpp">
      <Filter>Code\Graphics\Vulkan\Pass</Filter>
    </ClCompile>
    <ClCompile Include="Code\Graphics\Vulkan\Pass\IrradianceVolumeUpdateProbesPass.cpp">
      <Filter>Code\Graphics\Vulkan\Pass</Filter>
    </ClCompile>
    <ClCompile Include="Code\Editor\EntityDetailsWindow.cpp">
      <Filter>Code\Editor</Filter>
    </ClCompile>
    <ClCompile Include="Code\Editor\Editor.cpp">
      <Filter>Code\Editor</Filter>
    </ClCompile>
    <ClCompile Include="Code\Graphics\BVH.cpp">
      <Filter>Code\Graphics</Filter>
    </ClCompile>
    <ClCompile Include="Code\Graphics\Vulkan\Pass\RayTraceTestPass.cpp">
      <Filter>Code\Graphics\Vulkan\Pass</Filter>
    </ClCompile>
    <ClCompile Include="Code\Graphics\Vulkan\Pass\SharpenFfxCasPass.cpp">
      <Filter>Code\Graphics\Vulkan\Pass</Filter>
    </ClCompile>
    <ClCompile Include="Code\Graphics\Vulkan\Pass\ClearBricksPass.cpp">
      <Filter>Code\Graphics\Vulkan\Pass</Filter>
    </ClCompile>
    <ClCompile Include="Code\Graphics\Vulkan\Pass\VoxelizationAllocatePass.cpp">
      <Filter>Code\Graphics\Vulkan\Pass</Filter>
    </ClCompile>
    <ClCompile Include="Code\Graphics\Vulkan\Pass\InitBrickPoolPass.cpp">
      <Filter>Code\Graphics\Vulkan\Pass</Filter>
    </ClCompile>
    <ClCompile Include="Code\Graphics\Vulkan\Pass\BrickDebugPass.cpp">
      <Filter>Code\Graphics\Vulkan\Pass</Filter>
    </ClCompile>
    <ClCompile Include="Code\Graphics\Vulkan\Pass\VoxelizationFillPass.cpp">
      <Filter>Code\Graphics\Vulkan\Pass</Filter>
    </ClCompile>
    <ClCompile Include="Code\Graphics\Vulkan\Pass\VoxelizationMarkPass.cpp">
      <Filter>Code\Graphics\Vulkan\Pass</Filter>
    </ClCompile>
    <ClCompile Include="Code\Graphics\Vulkan\Pass\LightingPass.cpp">
      <Filter>Code\Graphics\Vulkan\Pass</Filter>
    </ClCompile>
    <ClCompile Include="Code\Graphics\Vulkan\Pass\IndirectDiffusePass.cpp">
      <Filter>Code\Graphics\Vulkan\Pass</Filter>
    </ClCompile>
    <ClCompile Include="Code\Graphics\Vulkan\Module\DiffuseGIProbesModule.cpp">
      <Filter>Code\Graphics\Vulkan\Module</Filter>
    </ClCompile>
    <ClCompile Include="Code\Graphics\Vulkan\Module\SparseVoxelBricksModule.cpp">
      <Filter>Code\Graphics\Vulkan\Module</Filter>
    </ClCompile>
    <ClCompile Include="Code\Graphics\Vulkan\Pass\ScreenSpaceVoxelizationPass.cpp">
      <Filter>Code\Graphics\Vulkan\Pass</Filter>
    </ClCompile>
    <ClCompile Include="Code\Graphics\Vulkan\Pass\IrradianceVolumeRayMarchingPass.cpp">
      <Filter>Code\Graphics\Vulkan\Pass</Filter>
    </ClCompile>
    <ClCompile Include="Code\Graphics\Vulkan\Module\GTAOModule.cpp">
      <Filter>Code\Graphics\Vulkan\Module</Filter>
    </ClCompile>
    <ClCompile Include="Code\Graphics\Vulkan\Pass\BloomDownsamplePass.cpp">
      <Filter>Code\Graphics\Vulkan\Pass</Filter>
    </ClCompile>
    <ClCompile Include="Code\Graphics\Vulkan\Pass\BloomUpsamplePass.cpp">
      <Filter>Code\Graphics\Vulkan\Pass</Filter>
    </ClCompile>
    <ClCompile Include="Code\Graphics\Vulkan\Module\BloomModule.cpp">
      <Filter>Code\Graphics\Vulkan\Module</Filter>
    </ClCompile>
    <ClCompile Include="Code\Graphics\Vulkan\Pass\TAAPass.cpp">
      <Filter>Code\Graphics\Vulkan\Pass</Filter>
    </ClCompile>
    <ClCompile Include="Code\Graphics\Vulkan\Pass\HiZPyramidPass.cpp">
      <Filter>Code\Graphics\Vulkan\Pass</Filter>
    </ClCompile>
    <ClCompile Include="Code\Graphics\Vulkan\Pass\IndirectLightPass.cpp">
      <Filter>Code\Graphics\Vulkan\Pass</Filter>
    </ClCompile>
    <ClCompile Include="Code\Graphics\Vulkan\Pass\SSRPass.cpp">
      <Filter>Code\Graphics\Vulkan\Pass</Filter>
    </ClCompile>
    <ClCompile Include="Code\Graphics\Vulkan\Pass\ForwardLightingPass.cpp">
      <Filter>Code\Graphics\Vulkan\Pass</Filter>
    </ClCompile>
    <ClCompile Include="Code\Graphics\Vulkan\Pass\DepthPrepassPass.cpp">
      <Filter>Code\Graphics\Vulkan\Pass</Filter>
    </ClCompile>
    <ClCompile Include="Code\Graphics\Vulkan\Pass\SSRResolvePass.cpp">
      <Filter>Code\Graphics\Vulkan\Pass</Filter>
    </ClCompile>
    <ClCompile Include="Code\Graphics\Vulkan\Pass\IntegrateBrdfPass.cpp">
      <Filter>Code\Graphics\Vulkan\Pass</Filter>
    </ClCompile>
    <ClCompile Include="Code\Graphics\Vulkan\Pass\SSRTemporalFilterPass.cpp">
      <Filter>Code\Graphics\Vulkan\Pass</Filter>
    </ClCompile>
    <ClCompile Include="Code\Graphics\Vulkan\Module\SSRModule.cpp">
      <Filter>Code\Graphics\Vulkan\Module</Filter>
    </ClCompile>
    <ClCompile Include="Code\Graphics\Vulkan\SwapChainVK.cpp">
      <Filter>Code\Graphics\Vulkan</Filter>
    </ClCompile>
    <ClCompile Include="Code\Graphics\Vulkan\Pass\GenerateMipMapsPass.cpp">
      <Filter>Code\Graphics\Vulkan\Pass</Filter>
    </ClCompile>
  </ItemGroup>
</Project>